// !$*UTF8*$!
{
	archiveVersion = 1;
	classes = {
	};
	objectVersion = 56;
	objects = {

/* Begin PBXBuildFile section */
		CC7D93562A4D6AE3001FE312 /* LoginViewController.swift in Sources */ = {isa = PBXBuildFile; fileRef = CC7D93552A4D6AE3001FE312 /* LoginViewController.swift */; };
		CC7D93582A4D6BBE001FE312 /* RegisterViewController.swift in Sources */ = {isa = PBXBuildFile; fileRef = CC7D93572A4D6BBE001FE312 /* RegisterViewController.swift */; };
		CC7D935A2A4D6BD7001FE312 /* PhotoViewerViewController.swift in Sources */ = {isa = PBXBuildFile; fileRef = CC7D93592A4D6BD7001FE312 /* PhotoViewerViewController.swift */; };
		CC7D935C2A4D6BEC001FE312 /* VideoPlayerViewController.swift in Sources */ = {isa = PBXBuildFile; fileRef = CC7D935B2A4D6BEC001FE312 /* VideoPlayerViewController.swift */; };
		CC7D935E2A4D6C09001FE312 /* NewConversationViewController.swift in Sources */ = {isa = PBXBuildFile; fileRef = CC7D935D2A4D6C09001FE312 /* NewConversationViewController.swift */; };
		CC7D93602A4D6C1F001FE312 /* ProfileViewController.swift in Sources */ = {isa = PBXBuildFile; fileRef = CC7D935F2A4D6C1F001FE312 /* ProfileViewController.swift */; };
		CC7D93632A4DBDA7001FE312 /* Extensions.swift in Sources */ = {isa = PBXBuildFile; fileRef = CC7D93622A4DBDA7001FE312 /* Extensions.swift */; };
		CC99B1852A40370300CD29E5 /* AppDelegate.swift in Sources */ = {isa = PBXBuildFile; fileRef = CC99B1842A40370300CD29E5 /* AppDelegate.swift */; };
		CC99B1872A40370300CD29E5 /* SceneDelegate.swift in Sources */ = {isa = PBXBuildFile; fileRef = CC99B1862A40370300CD29E5 /* SceneDelegate.swift */; };
		CC99B1892A40370300CD29E5 /* ConversationsViewController.swift in Sources */ = {isa = PBXBuildFile; fileRef = CC99B1882A40370300CD29E5 /* ConversationsViewController.swift */; };
		CC99B18C2A40370300CD29E5 /* Main.storyboard in Resources */ = {isa = PBXBuildFile; fileRef = CC99B18A2A40370300CD29E5 /* Main.storyboard */; };
		CC99B18E2A40370500CD29E5 /* Assets.xcassets in Resources */ = {isa = PBXBuildFile; fileRef = CC99B18D2A40370500CD29E5 /* Assets.xcassets */; };
		CC99B1912A40370500CD29E5 /* LaunchScreen.storyboard in Resources */ = {isa = PBXBuildFile; fileRef = CC99B18F2A40370500CD29E5 /* LaunchScreen.storyboard */; };
/* End PBXBuildFile section */

/* Begin PBXFileReference section */
		CC7D93552A4D6AE3001FE312 /* LoginViewController.swift */ = {isa = PBXFileReference; lastKnownFileType = sourcecode.swift; path = LoginViewController.swift; sourceTree = "<group>"; };
		CC7D93572A4D6BBE001FE312 /* RegisterViewController.swift */ = {isa = PBXFileReference; lastKnownFileType = sourcecode.swift; path = RegisterViewController.swift; sourceTree = "<group>"; };
		CC7D93592A4D6BD7001FE312 /* PhotoViewerViewController.swift */ = {isa = PBXFileReference; lastKnownFileType = sourcecode.swift; path = PhotoViewerViewController.swift; sourceTree = "<group>"; };
		CC7D935B2A4D6BEC001FE312 /* VideoPlayerViewController.swift */ = {isa = PBXFileReference; lastKnownFileType = sourcecode.swift; path = VideoPlayerViewController.swift; sourceTree = "<group>"; };
		CC7D935D2A4D6C09001FE312 /* NewConversationViewController.swift */ = {isa = PBXFileReference; lastKnownFileType = sourcecode.swift; path = NewConversationViewController.swift; sourceTree = "<group>"; };
		CC7D935F2A4D6C1F001FE312 /* ProfileViewController.swift */ = {isa = PBXFileReference; lastKnownFileType = sourcecode.swift; path = ProfileViewController.swift; sourceTree = "<group>"; };
		CC7D93622A4DBDA7001FE312 /* Extensions.swift */ = {isa = PBXFileReference; lastKnownFileType = sourcecode.swift; path = Extensions.swift; sourceTree = "<group>"; };
		CC99B1812A40370300CD29E5 /* MyMessagingApp_ios_dev.app */ = {isa = PBXFileReference; explicitFileType = wrapper.application; includeInIndex = 0; path = MyMessagingApp_ios_dev.app; sourceTree = BUILT_PRODUCTS_DIR; };
		CC99B1842A40370300CD29E5 /* AppDelegate.swift */ = {isa = PBXFileReference; lastKnownFileType = sourcecode.swift; path = AppDelegate.swift; sourceTree = "<group>"; };
		CC99B1862A40370300CD29E5 /* SceneDelegate.swift */ = {isa = PBXFileReference; lastKnownFileType = sourcecode.swift; path = SceneDelegate.swift; sourceTree = "<group>"; };
		CC99B1882A40370300CD29E5 /* ConversationsViewController.swift */ = {isa = PBXFileReference; lastKnownFileType = sourcecode.swift; path = ConversationsViewController.swift; sourceTree = "<group>"; };
		CC99B18B2A40370300CD29E5 /* Base */ = {isa = PBXFileReference; lastKnownFileType = file.storyboard; name = Base; path = Base.lproj/Main.storyboard; sourceTree = "<group>"; };
		CC99B18D2A40370500CD29E5 /* Assets.xcassets */ = {isa = PBXFileReference; lastKnownFileType = folder.assetcatalog; path = Assets.xcassets; sourceTree = "<group>"; };
		CC99B1902A40370500CD29E5 /* Base */ = {isa = PBXFileReference; lastKnownFileType = file.storyboard; name = Base; path = Base.lproj/LaunchScreen.storyboard; sourceTree = "<group>"; };
		CC99B1922A40370500CD29E5 /* Info.plist */ = {isa = PBXFileReference; lastKnownFileType = text.plist.xml; path = Info.plist; sourceTree = "<group>"; };
/* End PBXFileReference section */

/* Begin PBXFrameworksBuildPhase section */
		CC99B17E2A40370300CD29E5 /* Frameworks */ = {
			isa = PBXFrameworksBuildPhase;
			buildActionMask = 2147483647;
			files = (
			);
			runOnlyForDeploymentPostprocessing = 0;
		};
/* End PBXFrameworksBuildPhase section */

/* Begin PBXGroup section */
		CC7D934F2A4D689B001FE312 /* Controllers */ = {
			isa = PBXGroup;
			children = (
				CC99B1882A40370300CD29E5 /* ConversationsViewController.swift */,
				CC7D93612A4D6D6F001FE312 /* Login */,
				CC7D93592A4D6BD7001FE312 /* PhotoViewerViewController.swift */,
				CC7D935B2A4D6BEC001FE312 /* VideoPlayerViewController.swift */,
				CC7D935D2A4D6C09001FE312 /* NewConversationViewController.swift */,
				CC7D935F2A4D6C1F001FE312 /* ProfileViewController.swift */,
			);
			path = Controllers;
			sourceTree = "<group>";
		};
		CC7D93502A4D68B9001FE312 /* Views */ = {
			isa = PBXGroup;
			children = (
				CC7D93542A4D6961001FE312 /* StoryBoards */,
				CC99B18D2A40370500CD29E5 /* Assets.xcassets */,
			);
			path = Views;
			sourceTree = "<group>";
		};
		CC7D93512A4D68CB001FE312 /* Models */ = {
			isa = PBXGroup;
			children = (
			);
			path = Models;
			sourceTree = "<group>";
		};
		CC7D93522A4D68D8001FE312 /* ViewModels */ = {
			isa = PBXGroup;
			children = (
			);
			path = ViewModels;
			sourceTree = "<group>";
		};
		CC7D93532A4D68E7001FE312 /* Resources */ = {
			isa = PBXGroup;
			children = (
				CC99B1842A40370300CD29E5 /* AppDelegate.swift */,
				CC99B1862A40370300CD29E5 /* SceneDelegate.swift */,
				CC7D93622A4DBDA7001FE312 /* Extensions.swift */,
			);
			path = Resources;
			sourceTree = "<group>";
		};
		CC7D93542A4D6961001FE312 /* StoryBoards */ = {
			isa = PBXGroup;
			children = (
				CC99B18A2A40370300CD29E5 /* Main.storyboard */,
				CC99B18F2A40370500CD29E5 /* LaunchScreen.storyboard */,
			);
			path = StoryBoards;
			sourceTree = "<group>";
		};
		CC7D93612A4D6D6F001FE312 /* Login */ = {
			isa = PBXGroup;
			children = (
				CC7D93552A4D6AE3001FE312 /* LoginViewController.swift */,
				CC7D93572A4D6BBE001FE312 /* RegisterViewController.swift */,
			);
			path = Login;
			sourceTree = "<group>";
		};
		CC99B1782A40370300CD29E5 = {
			isa = PBXGroup;
			children = (
				CC99B1832A40370300CD29E5 /* MyMessagingApp_ios_dev */,
				CC99B1822A40370300CD29E5 /* Products */,
			);
			sourceTree = "<group>";
		};
		CC99B1822A40370300CD29E5 /* Products */ = {
			isa = PBXGroup;
			children = (
				CC99B1812A40370300CD29E5 /* MyMessagingApp_ios_dev.app */,
			);
			name = Products;
			sourceTree = "<group>";
		};
		CC99B1832A40370300CD29E5 /* MyMessagingApp_ios_dev */ = {
			isa = PBXGroup;
			children = (
				CC7D93532A4D68E7001FE312 /* Resources */,
				CC7D93522A4D68D8001FE312 /* ViewModels */,
				CC7D93512A4D68CB001FE312 /* Models */,
				CC7D93502A4D68B9001FE312 /* Views */,
				CC7D934F2A4D689B001FE312 /* Controllers */,
				CC99B1922A40370500CD29E5 /* Info.plist */,
			);
			path = MyMessagingApp_ios_dev;
			sourceTree = "<group>";
		};
/* End PBXGroup section */

/* Begin PBXNativeTarget section */
		CC99B1802A40370300CD29E5 /* MyMessagingApp_ios_dev */ = {
			isa = PBXNativeTarget;
			buildConfigurationList = CC99B1952A40370500CD29E5 /* Build configuration list for PBXNativeTarget "MyMessagingApp_ios_dev" */;
			buildPhases = (
				CC99B17D2A40370300CD29E5 /* Sources */,
				CC99B17E2A40370300CD29E5 /* Frameworks */,
				CC99B17F2A40370300CD29E5 /* Resources */,
			);
			buildRules = (
			);
			dependencies = (
			);
			name = MyMessagingApp_ios_dev;
			productName = MyMessagingApp_ios_dev;
			productReference = CC99B1812A40370300CD29E5 /* MyMessagingApp_ios_dev.app */;
			productType = "com.apple.product-type.application";
		};
/* End PBXNativeTarget section */

/* Begin PBXProject section */
		CC99B1792A40370300CD29E5 /* Project object */ = {
			isa = PBXProject;
			attributes = {
				BuildIndependentTargetsInParallel = 1;
				LastSwiftUpdateCheck = 1430;
				LastUpgradeCheck = 1430;
				TargetAttributes = {
					CC99B1802A40370300CD29E5 = {
						CreatedOnToolsVersion = 14.3;
					};
				};
			};
			buildConfigurationList = CC99B17C2A40370300CD29E5 /* Build configuration list for PBXProject "MyMessagingApp_ios_dev" */;
			compatibilityVersion = "Xcode 14.0";
			developmentRegion = en;
			hasScannedForEncodings = 0;
			knownRegions = (
				en,
				Base,
			);
			mainGroup = CC99B1782A40370300CD29E5;
			productRefGroup = CC99B1822A40370300CD29E5 /* Products */;
			projectDirPath = "";
			projectRoot = "";
			targets = (
				CC99B1802A40370300CD29E5 /* MyMessagingApp_ios_dev */,
			);
		};
/* End PBXProject section */

/* Begin PBXResourcesBuildPhase section */
		CC99B17F2A40370300CD29E5 /* Resources */ = {
			isa = PBXResourcesBuildPhase;
			buildActionMask = 2147483647;
			files = (
				CC99B1912A40370500CD29E5 /* LaunchScreen.storyboard in Resources */,
				CC99B18E2A40370500CD29E5 /* Assets.xcassets in Resources */,
				CC99B18C2A40370300CD29E5 /* Main.storyboard in Resources */,
			);
			runOnlyForDeploymentPostprocessing = 0;
		};
/* End PBXResourcesBuildPhase section */

/* Begin PBXSourcesBuildPhase section */
		CC99B17D2A40370300CD29E5 /* Sources */ = {
			isa = PBXSourcesBuildPhase;
			buildActionMask = 2147483647;
			files = (
				CC7D93562A4D6AE3001FE312 /* LoginViewController.swift in Sources */,
				CC7D93582A4D6BBE001FE312 /* RegisterViewController.swift in Sources */,
				CC7D935E2A4D6C09001FE312 /* NewConversationViewController.swift in Sources */,
				CC99B1892A40370300CD29E5 /* ConversationsViewController.swift in Sources */,
				CC7D935C2A4D6BEC001FE312 /* VideoPlayerViewController.swift in Sources */,
				CC7D93632A4DBDA7001FE312 /* Extensions.swift in Sources */,
				CC99B1852A40370300CD29E5 /* AppDelegate.swift in Sources */,
				CC7D93602A4D6C1F001FE312 /* ProfileViewController.swift in Sources */,
				CC99B1872A40370300CD29E5 /* SceneDelegate.swift in Sources */,
				CC7D935A2A4D6BD7001FE312 /* PhotoViewerViewController.swift in Sources */,
			);
			runOnlyForDeploymentPostprocessing = 0;
		};
/* End PBXSourcesBuildPhase section */

/* Begin PBXVariantGroup section */
		CC99B18A2A40370300CD29E5 /* Main.storyboard */ = {
			isa = PBXVariantGroup;
			children = (
				CC99B18B2A40370300CD29E5 /* Base */,
			);
			name = Main.storyboard;
			sourceTree = "<group>";
		};
		CC99B18F2A40370500CD29E5 /* LaunchScreen.storyboard */ = {
			isa = PBXVariantGroup;
			children = (
				CC99B1902A40370500CD29E5 /* Base */,
			);
			name = LaunchScreen.storyboard;
			sourceTree = "<group>";
		};
/* End PBXVariantGroup section */

/* Begin XCBuildConfiguration section */
		CC99B1932A40370500CD29E5 /* Debug */ = {
			isa = XCBuildConfiguration;
			buildSettings = {
				ALWAYS_SEARCH_USER_PATHS = NO;
				CLANG_ANALYZER_NONNULL = YES;
				CLANG_ANALYZER_NUMBER_OBJECT_CONVERSION = YES_AGGRESSIVE;
				CLANG_CXX_LANGUAGE_STANDARD = "gnu++20";
				CLANG_ENABLE_MODULES = YES;
				CLANG_ENABLE_OBJC_ARC = YES;
				CLANG_ENABLE_OBJC_WEAK = YES;
				CLANG_WARN_BLOCK_CAPTURE_AUTORELEASING = YES;
				CLANG_WARN_BOOL_CONVERSION = YES;
				CLANG_WARN_COMMA = YES;
				CLANG_WARN_CONSTANT_CONVERSION = YES;
				CLANG_WARN_DEPRECATED_OBJC_IMPLEMENTATIONS = YES;
				CLANG_WARN_DIRECT_OBJC_ISA_USAGE = YES_ERROR;
				CLANG_WARN_DOCUMENTATION_COMMENTS = YES;
				CLANG_WARN_EMPTY_BODY = YES;
				CLANG_WARN_ENUM_CONVERSION = YES;
				CLANG_WARN_INFINITE_RECURSION = YES;
				CLANG_WARN_INT_CONVERSION = YES;
				CLANG_WARN_NON_LITERAL_NULL_CONVERSION = YES;
				CLANG_WARN_OBJC_IMPLICIT_RETAIN_SELF = YES;
				CLANG_WARN_OBJC_LITERAL_CONVERSION = YES;
				CLANG_WARN_OBJC_ROOT_CLASS = YES_ERROR;
				CLANG_WARN_QUOTED_INCLUDE_IN_FRAMEWORK_HEADER = YES;
				CLANG_WARN_RANGE_LOOP_ANALYSIS = YES;
				CLANG_WARN_STRICT_PROTOTYPES = YES;
				CLANG_WARN_SUSPICIOUS_MOVE = YES;
				CLANG_WARN_UNGUARDED_AVAILABILITY = YES_AGGRESSIVE;
				CLANG_WARN_UNREACHABLE_CODE = YES;
				CLANG_WARN__DUPLICATE_METHOD_MATCH = YES;
				COPY_PHASE_STRIP = NO;
				DEBUG_INFORMATION_FORMAT = dwarf;
				ENABLE_STRICT_OBJC_MSGSEND = YES;
				ENABLE_TESTABILITY = YES;
				GCC_C_LANGUAGE_STANDARD = gnu11;
				GCC_DYNAMIC_NO_PIC = NO;
				GCC_NO_COMMON_BLOCKS = YES;
				GCC_OPTIMIZATION_LEVEL = 0;
				GCC_PREPROCESSOR_DEFINITIONS = (
					"DEBUG=1",
					"$(inherited)",
				);
				GCC_WARN_64_TO_32_BIT_CONVERSION = YES;
				GCC_WARN_ABOUT_RETURN_TYPE = YES_ERROR;
				GCC_WARN_UNDECLARED_SELECTOR = YES;
				GCC_WARN_UNINITIALIZED_AUTOS = YES_AGGRESSIVE;
				GCC_WARN_UNUSED_FUNCTION = YES;
				GCC_WARN_UNUSED_VARIABLE = YES;
				IPHONEOS_DEPLOYMENT_TARGET = 16.4;
				MTL_ENABLE_DEBUG_INFO = INCLUDE_SOURCE;
				MTL_FAST_MATH = YES;
				ONLY_ACTIVE_ARCH = YES;
				SDKROOT = iphoneos;
				SWIFT_ACTIVE_COMPILATION_CONDITIONS = DEBUG;
				SWIFT_OPTIMIZATION_LEVEL = "-Onone";
			};
			name = Debug;
		};
		CC99B1942A40370500CD29E5 /* Release */ = {
			isa = XCBuildConfiguration;
			buildSettings = {
				ALWAYS_SEARCH_USER_PATHS = NO;
				CLANG_ANALYZER_NONNULL = YES;
				CLANG_ANALYZER_NUMBER_OBJECT_CONVERSION = YES_AGGRESSIVE;
				CLANG_CXX_LANGUAGE_STANDARD = "gnu++20";
				CLANG_ENABLE_MODULES = YES;
				CLANG_ENABLE_OBJC_ARC = YES;
				CLANG_ENABLE_OBJC_WEAK = YES;
				CLANG_WARN_BLOCK_CAPTURE_AUTORELEASING = YES;
				CLANG_WARN_BOOL_CONVERSION = YES;
				CLANG_WARN_COMMA = YES;
				CLANG_WARN_CONSTANT_CONVERSION = YES;
				CLANG_WARN_DEPRECATED_OBJC_IMPLEMENTATIONS = YES;
				CLANG_WARN_DIRECT_OBJC_ISA_USAGE = YES_ERROR;
				CLANG_WARN_DOCUMENTATION_COMMENTS = YES;
				CLANG_WARN_EMPTY_BODY = YES;
				CLANG_WARN_ENUM_CONVERSION = YES;
				CLANG_WARN_INFINITE_RECURSION = YES;
				CLANG_WARN_INT_CONVERSION = YES;
				CLANG_WARN_NON_LITERAL_NULL_CONVERSION = YES;
				CLANG_WARN_OBJC_IMPLICIT_RETAIN_SELF = YES;
				CLANG_WARN_OBJC_LITERAL_CONVERSION = YES;
				CLANG_WARN_OBJC_ROOT_CLASS = YES_ERROR;
				CLANG_WARN_QUOTED_INCLUDE_IN_FRAMEWORK_HEADER = YES;
				CLANG_WARN_RANGE_LOOP_ANALYSIS = YES;
				CLANG_WARN_STRICT_PROTOTYPES = YES;
				CLANG_WARN_SUSPICIOUS_MOVE = YES;
				CLANG_WARN_UNGUARDED_AVAILABILITY = YES_AGGRESSIVE;
				CLANG_WARN_UNREACHABLE_CODE = YES;
				CLANG_WARN__DUPLICATE_METHOD_MATCH = YES;
				COPY_PHASE_STRIP = NO;
				DEBUG_INFORMATION_FORMAT = "dwarf-with-dsym";
				ENABLE_NS_ASSERTIONS = NO;
				ENABLE_STRICT_OBJC_MSGSEND = YES;
				GCC_C_LANGUAGE_STANDARD = gnu11;
				GCC_NO_COMMON_BLOCKS = YES;
				GCC_WARN_64_TO_32_BIT_CONVERSION = YES;
				GCC_WARN_ABOUT_RETURN_TYPE = YES_ERROR;
				GCC_WARN_UNDECLARED_SELECTOR = YES;
				GCC_WARN_UNINITIALIZED_AUTOS = YES_AGGRESSIVE;
				GCC_WARN_UNUSED_FUNCTION = YES;
				GCC_WARN_UNUSED_VARIABLE = YES;
				IPHONEOS_DEPLOYMENT_TARGET = 16.4;
				MTL_ENABLE_DEBUG_INFO = NO;
				MTL_FAST_MATH = YES;
				SDKROOT = iphoneos;
				SWIFT_COMPILATION_MODE = wholemodule;
				SWIFT_OPTIMIZATION_LEVEL = "-O";
				VALIDATE_PRODUCT = YES;
			};
			name = Release;
		};
		CC99B1962A40370500CD29E5 /* Debug */ = {
			isa = XCBuildConfiguration;
			buildSettings = {
				ASSETCATALOG_COMPILER_APPICON_NAME = AppIcon;
				ASSETCATALOG_COMPILER_GLOBAL_ACCENT_COLOR_NAME = AccentColor;
				CODE_SIGN_STYLE = Automatic;
				CURRENT_PROJECT_VERSION = 1;
				DEVELOPMENT_TEAM = 3FS87PUS6Q;
				GENERATE_INFOPLIST_FILE = YES;
				INFOPLIST_FILE = MyMessagingApp_ios_dev/Info.plist;
				INFOPLIST_KEY_UIApplicationSupportsIndirectInputEvents = YES;
				INFOPLIST_KEY_UILaunchStoryboardName = LaunchScreen;
				INFOPLIST_KEY_UIMainStoryboardFile = Main;
				INFOPLIST_KEY_UISupportedInterfaceOrientations_iPad = "UIInterfaceOrientationPortrait UIInterfaceOrientationPortraitUpsideDown UIInterfaceOrientationLandscapeLeft UIInterfaceOrientationLandscapeRight";
				INFOPLIST_KEY_UISupportedInterfaceOrientations_iPhone = "UIInterfaceOrientationPortrait UIInterfaceOrientationLandscapeLeft UIInterfaceOrientationLandscapeRight";
				LD_RUNPATH_SEARCH_PATHS = (
					"$(inherited)",
					"@executable_path/Frameworks",
				);
				MARKETING_VERSION = 1.0;
				PRODUCT_BUNDLE_IDENTIFIER = "com.rolva.MyMessagingApp-ios-dev";
				PRODUCT_NAME = "$(TARGET_NAME)";
				SWIFT_EMIT_LOC_STRINGS = YES;
				SWIFT_VERSION = 5.0;
				TARGETED_DEVICE_FAMILY = "1,2";
			};
			name = Debug;
		};
		CC99B1972A40370500CD29E5 /* Release */ = {
			isa = XCBuildConfiguration;
			buildSettings = {
				ASSETCATALOG_COMPILER_APPICON_NAME = AppIcon;
				ASSETCATALOG_COMPILER_GLOBAL_ACCENT_COLOR_NAME = AccentColor;
				CODE_SIGN_STYLE = Automatic;
				CURRENT_PROJECT_VERSION = 1;
				DEVELOPMENT_TEAM = 3FS87PUS6Q;
				GENERATE_INFOPLIST_FILE = YES;
				INFOPLIST_FILE = MyMessagingApp_ios_dev/Info.plist;
				INFOPLIST_KEY_UIApplicationSupportsIndirectInputEvents = YES;
				INFOPLIST_KEY_UILaunchStoryboardName = LaunchScreen;
				INFOPLIST_KEY_UIMainStoryboardFile = Main;
				INFOPLIST_KEY_UISupportedInterfaceOrientations_iPad = "UIInterfaceOrientationPortrait UIInterfaceOrientationPortraitUpsideDown UIInterfaceOrientationLandscapeLeft UIInterfaceOrientationLandscapeRight";
				INFOPLIST_KEY_UISupportedInterfaceOrientations_iPhone = "UIInterfaceOrientationPortrait UIInterfaceOrientationLandscapeLeft UIInterfaceOrientationLandscapeRight";
				LD_RUNPATH_SEARCH_PATHS = (
					"$(inherited)",
					"@executable_path/Frameworks",
				);
				MARKETING_VERSION = 1.0;
				PRODUCT_BUNDLE_IDENTIFIER = "com.rolva.MyMessagingApp-ios-dev";
				PRODUCT_NAME = "$(TARGET_NAME)";
				SWIFT_EMIT_LOC_STRINGS = YES;
				SWIFT_VERSION = 5.0;
				TARGETED_DEVICE_FAMILY = "1,2";
			};
			name = Release;
		};
/* End XCBuildConfiguration section */

/* Begin XCConfigurationList section */
		CC99B17C2A40370300CD29E5 /* Build configuration list for PBXProject "MyMessagingApp_ios_dev" */ = {
			isa = XCConfigurationList;
			buildConfigurations = (
				CC99B1932A40370500CD29E5 /* Debug */,
				CC99B1942A40370500CD29E5 /* Release */,
			);
			defaultConfigurationIsVisible = 0;
			defaultConfigurationName = Release;
		};
		CC99B1952A40370500CD29E5 /* Build configuration list for PBXNativeTarget "MyMessagingApp_ios_dev" */ = {
			isa = XCConfigurationList;
			buildConfigurations = (
				CC99B1962A40370500CD29E5 /* Debug */,
				CC99B1972A40370500CD29E5 /* Release */,
			);
			defaultConfigurationIsVisible = 0;
			defaultConfigurationName = Release;
		};
/* End XCConfigurationList section */
	};
	rootObject = CC99B1792A40370300CD29E5 /* Project object */;
}
